
Microsoft Visual Studio Solution File, Format Version 12.00
# Visual Studio Version 17
VisualStudioVersion = 17.7.34018.315
MinimumVisualStudioVersion = 10.0.40219.1
Project("{9A19103F-16F7-4668-BE54-9A1E7A4F7556}") = "Entidades", "Entidades\Entidades.csproj", "{164B8969-8DF1-4968-8D69-CCC60B390542}"
EndProject
Project("{9A19103F-16F7-4668-BE54-9A1E7A4F7556}") = "TestConsola", "TestConsola\TestConsola.csproj", "{1D92A580-63DA-4AEF-A705-DE0DBC1E9141}"
EndProject
Project("{FAE04EC0-301F-11D3-BF4B-00C04F79EFBC}") = "Vista", "Vista\Vista.csproj", "{5B7CCE3A-A5FC-40D1-9307-B12BFC852EA5}"
EndProject
Global
	GlobalSection(SolutionConfigurationPlatforms) = preSolution
		Debug|Any CPU = Debug|Any CPU
		Release|Any CPU = Release|Any CPU
	EndGlobalSection
	GlobalSection(ProjectConfigurationPlatforms) = postSolution
		{164B8969-8DF1-4968-8D69-CCC60B390542}.Debug|Any CPU.ActiveCfg = Debug|Any CPU
		{164B8969-8DF1-4968-8D69-CCC60B390542}.Debug|Any CPU.Build.0 = Debug|Any CPU
		{164B8969-8DF1-4968-8D69-CCC60B390542}.Release|Any CPU.ActiveCfg = Release|Any CPU
		{164B8969-8DF1-4968-8D69-CCC60B390542}.Release|Any CPU.Build.0 = Release|Any CPU
		{1D92A580-63DA-4AEF-A705-DE0DBC1E9141}.Debug|Any CPU.ActiveCfg = Debug|Any CPU
		{1D92A580-63DA-4AEF-A705-DE0DBC1E9141}.Debug|Any CPU.Build.0 = Debug|Any CPU
		{1D92A580-63DA-4AEF-A705-DE0DBC1E9141}.Release|Any CPU.ActiveCfg = Release|Any CPU
		{1D92A580-63DA-4AEF-A705-DE0DBC1E9141}.Release|Any CPU.Build.0 = Release|Any CPU
		{5B7CCE3A-A5FC-40D1-9307-B12BFC852EA5}.Debug|Any CPU.ActiveCfg = Debug|Any CPU
		{5B7CCE3A-A5FC-40D1-9307-B12BFC852EA5}.Debug|Any CPU.Build.0 = Debug|Any CPU
		{5B7CCE3A-A5FC-40D1-9307-B12BFC852EA5}.Release|Any CPU.ActiveCfg = Release|Any CPU
		{5B7CCE3A-A5FC-40D1-9307-B12BFC852EA5}.Release|Any CPU.Build.0 = Release|Any CPU
	EndGlobalSection
	GlobalSection(SolutionProperties) = preSolution
		HideSolutionNode = FALSE
	EndGlobalSection
	GlobalSection(ExtensibilityGlobals) = postSolution
		SolutionGuid = {E201BAED-BE80-42C5-B05E-C58A34B71454}
	EndGlobalSection
EndGlobal
